// !$*UTF8*$!
{
	archiveVersion = 1;
	classes = {
	};
	objectVersion = 50;
	objects = {

/* Begin PBXBuildFile section */
		89C02BF4251DA0C70038202C /* AppDelegate.swift in Sources */ = {isa = PBXBuildFile; fileRef = 89C02BF3251DA0C70038202C /* AppDelegate.swift */; };
		89C02BF6251DA0C70038202C /* SceneDelegate.swift in Sources */ = {isa = PBXBuildFile; fileRef = 89C02BF5251DA0C70038202C /* SceneDelegate.swift */; };
		89C02BF8251DA0C70038202C /* ViewController.swift in Sources */ = {isa = PBXBuildFile; fileRef = 89C02BF7251DA0C70038202C /* ViewController.swift */; };
		89C02BFB251DA0C70038202C /* Main.storyboard in Resources */ = {isa = PBXBuildFile; fileRef = 89C02BF9251DA0C70038202C /* Main.storyboard */; };
		89C02BFD251DA0C90038202C /* Assets.xcassets in Resources */ = {isa = PBXBuildFile; fileRef = 89C02BFC251DA0C90038202C /* Assets.xcassets */; };
		89C02C00251DA0C90038202C /* LaunchScreen.storyboard in Resources */ = {isa = PBXBuildFile; fileRef = 89C02BFE251DA0C90038202C /* LaunchScreen.storyboard */; };
		89C02C0B251DA0C90038202C /* tipTests.swift in Sources */ = {isa = PBXBuildFile; fileRef = 89C02C0A251DA0C90038202C /* tipTests.swift */; };
		89C02C16251DA0C90038202C /* tipUITests.swift in Sources */ = {isa = PBXBuildFile; fileRef = 89C02C15251DA0C90038202C /* tipUITests.swift */; };
/* End PBXBuildFile section */

/* Begin PBXContainerItemProxy section */
		89C02C07251DA0C90038202C /* PBXContainerItemProxy */ = {
			isa = PBXContainerItemProxy;
			containerPortal = 89C02BE8251DA0C70038202C /* Project object */;
			proxyType = 1;
			remoteGlobalIDString = 89C02BEF251DA0C70038202C;
			remoteInfo = tip;
		};
		89C02C12251DA0C90038202C /* PBXContainerItemProxy */ = {
			isa = PBXContainerItemProxy;
			containerPortal = 89C02BE8251DA0C70038202C /* Project object */;
			proxyType = 1;
			remoteGlobalIDString = 89C02BEF251DA0C70038202C;
			remoteInfo = tip;
		};
/* End PBXContainerItemProxy section */

/* Begin PBXFileReference section */
		89C02BF0251DA0C70038202C /* tip.app */ = {isa = PBXFileReference; explicitFileType = wrapper.application; includeInIndex = 0; path = tip.app; sourceTree = BUILT_PRODUCTS_DIR; };
		89C02BF3251DA0C70038202C /* AppDelegate.swift */ = {isa = PBXFileReference; lastKnownFileType = sourcecode.swift; path = AppDelegate.swift; sourceTree = "<group>"; };
		89C02BF5251DA0C70038202C /* SceneDelegate.swift */ = {isa = PBXFileReference; lastKnownFileType = sourcecode.swift; path = SceneDelegate.swift; sourceTree = "<group>"; };
		89C02BF7251DA0C70038202C /* ViewController.swift */ = {isa = PBXFileReference; lastKnownFileType = sourcecode.swift; path = ViewController.swift; sourceTree = "<group>"; };
		89C02BFA251DA0C70038202C /* Base */ = {isa = PBXFileReference; lastKnownFileType = file.storyboard; name = Base; path = Base.lproj/Main.storyboard; sourceTree = "<group>"; };
		89C02BFC251DA0C90038202C /* Assets.xcassets */ = {isa = PBXFileReference; lastKnownFileType = folder.assetcatalog; path = Assets.xcassets; sourceTree = "<group>"; };
		89C02BFF251DA0C90038202C /* Base */ = {isa = PBXFileReference; lastKnownFileType = file.storyboard; name = Base; path = Base.lproj/LaunchScreen.storyboard; sourceTree = "<group>"; };
		89C02C01251DA0C90038202C /* Info.plist */ = {isa = PBXFileReference; lastKnownFileType = text.plist.xml; path = Info.plist; sourceTree = "<group>"; };
		89C02C06251DA0C90038202C /* tipTests.xctest */ = {isa = PBXFileReference; explicitFileType = wrapper.cfbundle; includeInIndex = 0; path = tipTests.xctest; sourceTree = BUILT_PRODUCTS_DIR; };
		89C02C0A251DA0C90038202C /* tipTests.swift */ = {isa = PBXFileReference; lastKnownFileType = sourcecode.swift; path = tipTests.swift; sourceTree = "<group>"; };
		89C02C0C251DA0C90038202C /* Info.plist */ = {isa = PBXFileReference; lastKnownFileType = text.plist.xml; path = Info.plist; sourceTree = "<group>"; };
		89C02C11251DA0C90038202C /* tipUITests.xctest */ = {isa = PBXFileReference; explicitFileType = wrapper.cfbundle; includeInIndex = 0; path = tipUITests.xctest; sourceTree = BUILT_PRODUCTS_DIR; };
		89C02C15251DA0C90038202C /* tipUITests.swift */ = {isa = PBXFileReference; lastKnownFileType = sourcecode.swift; path = tipUITests.swift; sourceTree = "<group>"; };
		89C02C17251DA0C90038202C /* Info.plist */ = {isa = PBXFileReference; lastKnownFileType = text.plist.xml; path = Info.plist; sourceTree = "<group>"; };
/* End PBXFileReference section */

/* Begin PBXFrameworksBuildPhase section */
		89C02BED251DA0C70038202C /* Frameworks */ = {
			isa = PBXFrameworksBuildPhase;
			buildActionMask = 2147483647;
			files = (
			);
			runOnlyForDeploymentPostprocessing = 0;
		};
		89C02C03251DA0C90038202C /* Frameworks */ = {
			isa = PBXFrameworksBuildPhase;
			buildActionMask = 2147483647;
			files = (
			);
			runOnlyForDeploymentPostprocessing = 0;
		};
		89C02C0E251DA0C90038202C /* Frameworks */ = {
			isa = PBXFrameworksBuildPhase;
			buildActionMask = 2147483647;
			files = (
			);
			runOnlyForDeploymentPostprocessing = 0;
		};
/* End PBXFrameworksBuildPhase section */

/* Begin PBXGroup section */
		89C02BE7251DA0C70038202C = {
			isa = PBXGroup;
			children = (
				89C02BF2251DA0C70038202C /* tip */,
				89C02C09251DA0C90038202C /* tipTests */,
				89C02C14251DA0C90038202C /* tipUITests */,
				89C02BF1251DA0C70038202C /* Products */,
			);
			sourceTree = "<group>";
		};
		89C02BF1251DA0C70038202C /* Products */ = {
			isa = PBXGroup;
			children = (
				89C02BF0251DA0C70038202C /* tip.app */,
				89C02C06251DA0C90038202C /* tipTests.xctest */,
				89C02C11251DA0C90038202C /* tipUITests.xctest */,
			);
			name = Products;
			sourceTree = "<group>";
		};
		89C02BF2251DA0C70038202C /* tip */ = {
			isa = PBXGroup;
			children = (
				89C02BF3251DA0C70038202C /* AppDelegate.swift */,
				89C02BF5251DA0C70038202C /* SceneDelegate.swift */,
				89C02BF7251DA0C70038202C /* ViewController.swift */,
				89C02BF9251DA0C70038202C /* Main.storyboard */,
				89C02BFC251DA0C90038202C /* Assets.xcassets */,
				89C02BFE251DA0C90038202C /* LaunchScreen.storyboard */,
				89C02C01251DA0C90038202C /* Info.plist */,
			);
			path = tip;
			sourceTree = "<group>";
		};
		89C02C09251DA0C90038202C /* tipTests */ = {
			isa = PBXGroup;
			children = (
				89C02C0A251DA0C90038202C /* tipTests.swift */,
				89C02C0C251DA0C90038202C /* Info.plist */,
			);
			path = tipTests;
			sourceTree = "<group>";
		};
		89C02C14251DA0C90038202C /* tipUITests */ = {
			isa = PBXGroup;
			children = (
				89C02C15251DA0C90038202C /* tipUITests.swift */,
				89C02C17251DA0C90038202C /* Info.plist */,
			);
			path = tipUITests;
			sourceTree = "<group>";
		};
/* End PBXGroup section */

/* Begin PBXNativeTarget section */
		89C02BEF251DA0C70038202C /* tip */ = {
			isa = PBXNativeTarget;
			buildConfigurationList = 89C02C1A251DA0C90038202C /* Build configuration list for PBXNativeTarget "tip" */;
			buildPhases = (
				89C02BEC251DA0C70038202C /* Sources */,
				89C02BED251DA0C70038202C /* Frameworks */,
				89C02BEE251DA0C70038202C /* Resources */,
			);
			buildRules = (
			);
			dependencies = (
			);
			name = tip;
			productName = tip;
			productReference = 89C02BF0251DA0C70038202C /* tip.app */;
			productType = "com.apple.product-type.application";
		};
		89C02C05251DA0C90038202C /* tipTests */ = {
			isa = PBXNativeTarget;
			buildConfigurationList = 89C02C1D251DA0C90038202C /* Build configuration list for PBXNativeTarget "tipTests" */;
			buildPhases = (
				89C02C02251DA0C90038202C /* Sources */,
				89C02C03251DA0C90038202C /* Frameworks */,
				89C02C04251DA0C90038202C /* Resources */,
			);
			buildRules = (
			);
			dependencies = (
				89C02C08251DA0C90038202C /* PBXTargetDependency */,
			);
			name = tipTests;
			productName = tipTests;
			productReference = 89C02C06251DA0C90038202C /* tipTests.xctest */;
			productType = "com.apple.product-type.bundle.unit-test";
		};
		89C02C10251DA0C90038202C /* tipUITests */ = {
			isa = PBXNativeTarget;
			buildConfigurationList = 89C02C20251DA0C90038202C /* Build configuration list for PBXNativeTarget "tipUITests" */;
			buildPhases = (
				89C02C0D251DA0C90038202C /* Sources */,
				89C02C0E251DA0C90038202C /* Frameworks */,
				89C02C0F251DA0C90038202C /* Resources */,
			);
			buildRules = (
			);
			dependencies = (
				89C02C13251DA0C90038202C /* PBXTargetDependency */,
			);
			name = tipUITests;
			productName = tipUITests;
			productReference = 89C02C11251DA0C90038202C /* tipUITests.xctest */;
			productType = "com.apple.product-type.bundle.ui-testing";
		};
/* End PBXNativeTarget section */

/* Begin PBXProject section */
		89C02BE8251DA0C70038202C /* Project object */ = {
			isa = PBXProject;
			attributes = {
				LastSwiftUpdateCheck = 1200;
				LastUpgradeCheck = 1200;
				TargetAttributes = {
					89C02BEF251DA0C70038202C = {
						CreatedOnToolsVersion = 12.0;
					};
					89C02C05251DA0C90038202C = {
						CreatedOnToolsVersion = 12.0;
						TestTargetID = 89C02BEF251DA0C70038202C;
					};
					89C02C10251DA0C90038202C = {
						CreatedOnToolsVersion = 12.0;
						TestTargetID = 89C02BEF251DA0C70038202C;
					};
				};
			};
			buildConfigurationList = 89C02BEB251DA0C70038202C /* Build configuration list for PBXProject "tip" */;
			compatibilityVersion = "Xcode 9.3";
			developmentRegion = en;
			hasScannedForEncodings = 0;
			knownRegions = (
				en,
				Base,
			);
			mainGroup = 89C02BE7251DA0C70038202C;
			productRefGroup = 89C02BF1251DA0C70038202C /* Products */;
			projectDirPath = "";
			projectRoot = "";
			targets = (
				89C02BEF251DA0C70038202C /* tip */,
				89C02C05251DA0C90038202C /* tipTests */,
				89C02C10251DA0C90038202C /* tipUITests */,
			);
		};
/* End PBXProject section */

/* Begin PBXResourcesBuildPhase section */
		89C02BEE251DA0C70038202C /* Resources */ = {
			isa = PBXResourcesBuildPhase;
			buildActionMask = 2147483647;
			files = (
				89C02C00251DA0C90038202C /* LaunchScreen.storyboard in Resources */,
				89C02BFD251DA0C90038202C /* Assets.xcassets in Resources */,
				89C02BFB251DA0C70038202C /* Main.storyboard in Resources */,
			);
			runOnlyForDeploymentPostprocessing = 0;
		};
		89C02C04251DA0C90038202C /* Resources */ = {
			isa = PBXResourcesBuildPhase;
			buildActionMask = 2147483647;
			files = (
			);
			runOnlyForDeploymentPostprocessing = 0;
		};
		89C02C0F251DA0C90038202C /* Resources */ = {
			isa = PBXResourcesBuildPhase;
			buildActionMask = 2147483647;
			files = (
			);
			runOnlyForDeploymentPostprocessing = 0;
		};
/* End PBXResourcesBuildPhase section */

/* Begin PBXSourcesBuildPhase section */
		89C02BEC251DA0C70038202C /* Sources */ = {
			isa = PBXSourcesBuildPhase;
			buildActionMask = 2147483647;
			files = (
				89C02BF8251DA0C70038202C /* ViewController.swift in Sources */,
				89C02BF4251DA0C70038202C /* AppDelegate.swift in Sources */,
				89C02BF6251DA0C70038202C /* SceneDelegate.swift in Sources */,
			);
			runOnlyForDeploymentPostprocessing = 0;
		};
		89C02C02251DA0C90038202C /* Sources */ = {
			isa = PBXSourcesBuildPhase;
			buildActionMask = 2147483647;
			files = (
				89C02C0B251DA0C90038202C /* tipTests.swift in Sources */,
			);
			runOnlyForDeploymentPostprocessing = 0;
		};
		89C02C0D251DA0C90038202C /* Sources */ = {
			isa = PBXSourcesBuildPhase;
			buildActionMask = 2147483647;
			files = (
				89C02C16251DA0C90038202C /* tipUITests.swift in Sources */,
			);
			runOnlyForDeploymentPostprocessing = 0;
		};
/* End PBXSourcesBuildPhase section */

/* Begin PBXTargetDependency section */
		89C02C08251DA0C90038202C /* PBXTargetDependency */ = {
			isa = PBXTargetDependency;
			target = 89C02BEF251DA0C70038202C /* tip */;
			targetProxy = 89C02C07251DA0C90038202C /* PBXContainerItemProxy */;
		};
		89C02C13251DA0C90038202C /* PBXTargetDependency */ = {
			isa = PBXTargetDependency;
			target = 89C02BEF251DA0C70038202C /* tip */;
			targetProxy = 89C02C12251DA0C90038202C /* PBXContainerItemProxy */;
		};
/* End PBXTargetDependency section */

/* Begin PBXVariantGroup section */
		89C02BF9251DA0C70038202C /* Main.storyboard */ = {
			isa = PBXVariantGroup;
			children = (
				89C02BFA251DA0C70038202C /* Base */,
			);
			name = Main.storyboard;
			sourceTree = "<group>";
		};
		89C02BFE251DA0C90038202C /* LaunchScreen.storyboard */ = {
			isa = PBXVariantGroup;
			children = (
				89C02BFF251DA0C90038202C /* Base */,
			);
			name = LaunchScreen.storyboard;
			sourceTree = "<group>";
		};
/* End PBXVariantGroup section */

/* Begin XCBuildConfiguration section */
		89C02C18251DA0C90038202C /* Debug */ = {
			isa = XCBuildConfiguration;
			buildSettings = {
				ALWAYS_SEARCH_USER_PATHS = NO;
				CLANG_ANALYZER_NONNULL = YES;
				CLANG_ANALYZER_NUMBER_OBJECT_CONVERSION = YES_AGGRESSIVE;
				CLANG_CXX_LANGUAGE_STANDARD = "gnu++14";
				CLANG_CXX_LIBRARY = "libc++";
				CLANG_ENABLE_MODULES = YES;
				CLANG_ENABLE_OBJC_ARC = YES;
				CLANG_ENABLE_OBJC_WEAK = YES;
				CLANG_WARN_BLOCK_CAPTURE_AUTORELEASING = YES;
				CLANG_WARN_BOOL_CONVERSION = YES;
				CLANG_WARN_COMMA = YES;
				CLANG_WARN_CONSTANT_CONVERSION = YES;
				CLANG_WARN_DEPRECATED_OBJC_IMPLEMENTATIONS = YES;
				CLANG_WARN_DIRECT_OBJC_ISA_USAGE = YES_ERROR;
				CLANG_WARN_DOCUMENTATION_COMMENTS = YES;
				CLANG_WARN_EMPTY_BODY = YES;
				CLANG_WARN_ENUM_CONVERSION = YES;
				CLANG_WARN_INFINITE_RECURSION = YES;
				CLANG_WARN_INT_CONVERSION = YES;
				CLANG_WARN_NON_LITERAL_NULL_CONVERSION = YES;
				CLANG_WARN_OBJC_IMPLICIT_RETAIN_SELF = YES;
				CLANG_WARN_OBJC_LITERAL_CONVERSION = YES;
				CLANG_WARN_OBJC_ROOT_CLASS = YES_ERROR;
				CLANG_WARN_QUOTED_INCLUDE_IN_FRAMEWORK_HEADER = YES;
				CLANG_WARN_RANGE_LOOP_ANALYSIS = YES;
				CLANG_WARN_STRICT_PROTOTYPES = YES;
				CLANG_WARN_SUSPICIOUS_MOVE = YES;
				CLANG_WARN_UNGUARDED_AVAILABILITY = YES_AGGRESSIVE;
				CLANG_WARN_UNREACHABLE_CODE = YES;
				CLANG_WARN__DUPLICATE_METHOD_MATCH = YES;
				COPY_PHASE_STRIP = NO;
				DEBUG_INFORMATION_FORMAT = dwarf;
				ENABLE_STRICT_OBJC_MSGSEND = YES;
				ENABLE_TESTABILITY = YES;
				GCC_C_LANGUAGE_STANDARD = gnu11;
				GCC_DYNAMIC_NO_PIC = NO;
				GCC_NO_COMMON_BLOCKS = YES;
				GCC_OPTIMIZATION_LEVEL = 0;
				GCC_PREPROCESSOR_DEFINITIONS = (
					"DEBUG=1",
					"$(inherited)",
				);
				GCC_WARN_64_TO_32_BIT_CONVERSION = YES;
				GCC_WARN_ABOUT_RETURN_TYPE = YES_ERROR;
				GCC_WARN_UNDECLARED_SELECTOR = YES;
				GCC_WARN_UNINITIALIZED_AUTOS = YES_AGGRESSIVE;
				GCC_WARN_UNUSED_FUNCTION = YES;
				GCC_WARN_UNUSED_VARIABLE = YES;
				IPHONEOS_DEPLOYMENT_TARGET = 14.0;
				MTL_ENABLE_DEBUG_INFO = INCLUDE_SOURCE;
				MTL_FAST_MATH = YES;
				ONLY_ACTIVE_ARCH = YES;
				SDKROOT = iphoneos;
				SWIFT_ACTIVE_COMPILATION_CONDITIONS = DEBUG;
				SWIFT_OPTIMIZATION_LEVEL = "-Onone";
			};
			name = Debug;
		};
		89C02C19251DA0C90038202C /* Release */ = {
			isa = XCBuildConfiguration;
			buildSettings = {
				ALWAYS_SEARCH_USER_PATHS = NO;
				CLANG_ANALYZER_NONNULL = YES;
				CLANG_ANALYZER_NUMBER_OBJECT_CONVERSION = YES_AGGRESSIVE;
				CLANG_CXX_LANGUAGE_STANDARD = "gnu++14";
				CLANG_CXX_LIBRARY = "libc++";
				CLANG_ENABLE_MODULES = YES;
				CLANG_ENABLE_OBJC_ARC = YES;
				CLANG_ENABLE_OBJC_WEAK = YES;
				CLANG_WARN_BLOCK_CAPTURE_AUTORELEASING = YES;
				CLANG_WARN_BOOL_CONVERSION = YES;
				CLANG_WARN_COMMA = YES;
				CLANG_WARN_CONSTANT_CONVERSION = YES;
				CLANG_WARN_DEPRECATED_OBJC_IMPLEMENTATIONS = YES;
				CLANG_WARN_DIRECT_OBJC_ISA_USAGE = YES_ERROR;
				CLANG_WARN_DOCUMENTATION_COMMENTS = YES;
				CLANG_WARN_EMPTY_BODY = YES;
				CLANG_WARN_ENUM_CONVERSION = YES;
				CLANG_WARN_INFINITE_RECURSION = YES;
				CLANG_WARN_INT_CONVERSION = YES;
				CLANG_WARN_NON_LITERAL_NULL_CONVERSION = YES;
				CLANG_WARN_OBJC_IMPLICIT_RETAIN_SELF = YES;
				CLANG_WARN_OBJC_LITERAL_CONVERSION = YES;
				CLANG_WARN_OBJC_ROOT_CLASS = YES_ERROR;
				CLANG_WARN_QUOTED_INCLUDE_IN_FRAMEWORK_HEADER = YES;
				CLANG_WARN_RANGE_LOOP_ANALYSIS = YES;
				CLANG_WARN_STRICT_PROTOTYPES = YES;
				CLANG_WARN_SUSPICIOUS_MOVE = YES;
				CLANG_WARN_UNGUARDED_AVAILABILITY = YES_AGGRESSIVE;
				CLANG_WARN_UNREACHABLE_CODE = YES;
				CLANG_WARN__DUPLICATE_METHOD_MATCH = YES;
				COPY_PHASE_STRIP = NO;
				DEBUG_INFORMATION_FORMAT = "dwarf-with-dsym";
				ENABLE_NS_ASSERTIONS = NO;
				ENABLE_STRICT_OBJC_MSGSEND = YES;
				GCC_C_LANGUAGE_STANDARD = gnu11;
				GCC_NO_COMMON_BLOCKS = YES;
				GCC_WARN_64_TO_32_BIT_CONVERSION = YES;
				GCC_WARN_ABOUT_RETURN_TYPE = YES_ERROR;
				GCC_WARN_UNDECLARED_SELECTOR = YES;
				GCC_WARN_UNINITIALIZED_AUTOS = YES_AGGRESSIVE;
				GCC_WARN_UNUSED_FUNCTION = YES;
				GCC_WARN_UNUSED_VARIABLE = YES;
				IPHONEOS_DEPLOYMENT_TARGET = 14.0;
				MTL_ENABLE_DEBUG_INFO = NO;
				MTL_FAST_MATH = YES;
				SDKROOT = iphoneos;
				SWIFT_COMPILATION_MODE = wholemodule;
				SWIFT_OPTIMIZATION_LEVEL = "-O";
				VALIDATE_PRODUCT = YES;
			};
			name = Release;
		};
		89C02C1B251DA0C90038202C /* Debug */ = {
			isa = XCBuildConfiguration;
			buildSettings = {
				ASSETCATALOG_COMPILER_APPICON_NAME = AppIcon;
				ASSETCATALOG_COMPILER_GLOBAL_ACCENT_COLOR_NAME = AccentColor;
				CODE_SIGN_STYLE = Automatic;
				DEVELOPMENT_TEAM = R5B7A86VF5;
				INFOPLIST_FILE = tip/Info.plist;
				LD_RUNPATH_SEARCH_PATHS = (
					"$(inherited)",
					"@executable_path/Frameworks",
				);
				PRODUCT_BUNDLE_IDENTIFIER = Codepath.tip;
				PRODUCT_NAME = "$(TARGET_NAME)";
				SWIFT_VERSION = 5.0;
				TARGETED_DEVICE_FAMILY = "1,2";
			};
			name = Debug;
		};
		89C02C1C251DA0C90038202C /* Release */ = {
			isa = XCBuildConfiguration;
			buildSettings = {
				ASSETCATALOG_COMPILER_APPICON_NAME = AppIcon;
				ASSETCATALOG_COMPILER_GLOBAL_ACCENT_COLOR_NAME = AccentColor;
				CODE_SIGN_STYLE = Automatic;
				DEVELOPMENT_TEAM = R5B7A86VF5;
				INFOPLIST_FILE = tip/Info.plist;
				LD_RUNPATH_SEARCH_PATHS = (
					"$(inherited)",
					"@executable_path/Frameworks",
				);
				PRODUCT_BUNDLE_IDENTIFIER = Codepath.tip;
				PRODUCT_NAME = "$(TARGET_NAME)";
				SWIFT_VERSION = 5.0;
				TARGETED_DEVICE_FAMILY = "1,2";
			};
			name = Release;
		};
		89C02C1E251DA0C90038202C /* Debug */ = {
			isa = XCBuildConfiguration;
			buildSettings = {
				ALWAYS_EMBED_SWIFT_STANDARD_LIBRARIES = YES;
				BUNDLE_LOADER = "$(TEST_HOST)";
				CODE_SIGN_STYLE = Automatic;
				DEVELOPMENT_TEAM = R5B7A86VF5;
				INFOPLIST_FILE = tipTests/Info.plist;
				IPHONEOS_DEPLOYMENT_TARGET = 14.0;
				LD_RUNPATH_SEARCH_PATHS = (
					"$(inherited)",
					"@executable_path/Frameworks",
					"@loader_path/Frameworks",
				);
				PRODUCT_BUNDLE_IDENTIFIER = Codepath.tipTests;
				PRODUCT_NAME = "$(TARGET_NAME)";
				SWIFT_VERSION = 5.0;
				TARGETED_DEVICE_FAMILY = "1,2";
				TEST_HOST = "$(BUILT_PRODUCTS_DIR)/tip.app/tip";
			};
			name = Debug;
		};
		89C02C1F251DA0C90038202C /* Release */ = {
			isa = XCBuildConfiguration;
			buildSettings = {
				ALWAYS_EMBED_SWIFT_STANDARD_LIBRARIES = YES;
				BUNDLE_LOADER = "$(TEST_HOST)";
				CODE_SIGN_STYLE = Automatic;
				DEVELOPMENT_TEAM = R5B7A86VF5;
				INFOPLIST_FILE = tipTests/Info.plist;
				IPHONEOS_DEPLOYMENT_TARGET = 14.0;
				LD_RUNPATH_SEARCH_PATHS = (
					"$(inherited)",
					"@executable_path/Frameworks",
					"@loader_path/Frameworks",
				);
				PRODUCT_BUNDLE_IDENTIFIER = Codepath.tipTests;
				PRODUCT_NAME = "$(TARGET_NAME)";
				SWIFT_VERSION = 5.0;
				TARGETED_DEVICE_FAMILY = "1,2";
				TEST_HOST = "$(BUILT_PRODUCTS_DIR)/tip.app/tip";
			};
			name = Release;
		};
		89C02C21251DA0C90038202C /* Debug */ = {
			isa = XCBuildConfiguration;
			buildSettings = {
				ALWAYS_EMBED_SWIFT_STANDARD_LIBRARIES = YES;
				CODE_SIGN_STYLE = Automatic;
				DEVELOPMENT_TEAM = R5B7A86VF5;
				INFOPLIST_FILE = tipUITests/Info.plist;
				LD_RUNPATH_SEARCH_PATHS = (
					"$(inherited)",
					"@executable_path/Frameworks",
					"@loader_path/Frameworks",
				);
				PRODUCT_BUNDLE_IDENTIFIER = Codepath.tipUITests;
				PRODUCT_NAME = "$(TARGET_NAME)";
				SWIFT_VERSION = 5.0;
				TARGETED_DEVICE_FAMILY = "1,2";
				TEST_TARGET_NAME = tip;
			};
			name = Debug;
		};
		89C02C22251DA0C90038202C /* Release */ = {
			isa = XCBuildConfiguration;
			buildSettings = {
				ALWAYS_EMBED_SWIFT_STANDARD_LIBRARIES = YES;
				CODE_SIGN_STYLE = Automatic;
				DEVELOPMENT_TEAM = R5B7A86VF5;
				INFOPLIST_FILE = tipUITests/Info.plist;
				LD_RUNPATH_SEARCH_PATHS = (
					"$(inherited)",
					"@executable_path/Frameworks",
					"@loader_path/Frameworks",
				);
				PRODUCT_BUNDLE_IDENTIFIER = Codepath.tipUITests;
				PRODUCT_NAME = "$(TARGET_NAME)";
				SWIFT_VERSION = 5.0;
				TARGETED_DEVICE_FAMILY = "1,2";
				TEST_TARGET_NAME = tip;
			};
			name = Release;
		};
/* End XCBuildConfiguration section */

/* Begin XCConfigurationList section */
		89C02BEB251DA0C70038202C /* Build configuration list for PBXProject "tip" */ = {
			isa = XCConfigurationList;
			buildConfigurations = (
				89C02C18251DA0C90038202C /* Debug */,
				89C02C19251DA0C90038202C /* Release */,
			);
			defaultConfigurationIsVisible = 0;
			defaultConfigurationName = Release;
		};
		89C02C1A251DA0C90038202C /* Build configuration list for PBXNativeTarget "tip" */ = {
			isa = XCConfigurationList;
			buildConfigurations = (
				89C02C1B251DA0C90038202C /* Debug */,
				89C02C1C251DA0C90038202C /* Release */,
			);
			defaultConfigurationIsVisible = 0;
			defaultConfigurationName = Release;
		};
		89C02C1D251DA0C90038202C /* Build configuration list for PBXNativeTarget "tipTests" */ = {
			isa = XCConfigurationList;
			buildConfigurations = (
				89C02C1E251DA0C90038202C /* Debug */,
				89C02C1F251DA0C90038202C /* Release */,
			);
			defaultConfigurationIsVisible = 0;
			defaultConfigurationName = Release;
		};
		89C02C20251DA0C90038202C /* Build configuration list for PBXNativeTarget "tipUITests" */ = {
			isa = XCConfigurationList;
			buildConfigurations = (
				89C02C21251DA0C90038202C /* Debug */,
				89C02C22251DA0C90038202C /* Release */,
			);
			defaultConfigurationIsVisible = 0;
			defaultConfigurationName = Release;
		};
/* End XCConfigurationList section */
	};
	rootObject = 89C02BE8251DA0C70038202C /* Project object */;
}
